
Microsoft Visual Studio Solution File, Format Version 12.00
# Visual Studio Version 17
VisualStudioVersion = 17.0.32112.339
MinimumVisualStudioVersion = 10.0.40219.1
Project("{FAE04EC0-301F-11D3-BF4B-00C04F79EFBC}") = "DailyCompanionV2", "DailyCompanionV2\DailyCompanionV2.csproj", "{54ABFFC1-9979-47F9-9591-F53F9367FABD}"
EndProject
Project("{2150E333-8FDC-42A3-9474-1A3956D46DE8}") = "Solution Items", "Solution Items", "{8F4E765E-9351-471B-95CE-E4B1B16D8DD8}"
	ProjectSection(SolutionItems) = preProject
		nuget.config = nuget.config
	EndProjectSection
EndProject
Global
	GlobalSection(SolutionConfigurationPlatforms) = preSolution
		Debug|Any CPU = Debug|Any CPU
		Release|Any CPU = Release|Any CPU
	EndGlobalSection
	GlobalSection(ProjectConfigurationPlatforms) = postSolution
		{54ABFFC1-9979-47F9-9591-F53F9367FABD}.Debug|Any CPU.ActiveCfg = Debug|Any CPU
		{54ABFFC1-9979-47F9-9591-F53F9367FABD}.Debug|Any CPU.Build.0 = Debug|Any CPU
		{54ABFFC1-9979-47F9-9591-F53F9367FABD}.Release|Any CPU.ActiveCfg = Release|Any CPU
		{54ABFFC1-9979-47F9-9591-F53F9367FABD}.Release|Any CPU.Build.0 = Release|Any CPU
	EndGlobalSection
	GlobalSection(SolutionProperties) = preSolution
		HideSolutionNode = FALSE
	EndGlobalSection
	GlobalSection(ExtensibilityGlobals) = postSolution
		SolutionGuid = {0743D5CE-54D4-4664-B979-43A0C4BFBC11}
	EndGlobalSection
EndGlobal
